
Microsoft Visual Studio Solution File, Format Version 12.00
# Visual Studio 2012
Project("{FAE04EC0-301F-11D3-BF4B-00C04F79EFBC}") = "VideoAppUI", "VideoAppUI\VideoAppUI.csproj", "{70F2A98B-0771-4A2A-A5FE-7F419F7CD656}"
EndProject
Project("{FAE04EC0-301F-11D3-BF4B-00C04F79EFBC}") = "VideoAppBLL", "VideoAppBLL\VideoAppBLL.csproj", "{82FB4EF4-5320-481D-9ADD-D7A87801056C}"
EndProject
Project("{FAE04EC0-301F-11D3-BF4B-00C04F79EFBC}") = "VideoAppDAL", "VideoAppDAL\VideoAppDAL.csproj", "{C5594196-F736-4C05-BAAE-2D7EAF24DE1C}"
EndProject
Project("{FAE04EC0-301F-11D3-BF4B-00C04F79EFBC}") = "VideoRestAPI", "VideoRestAPI\VideoRestAPI.csproj", "{D19C56F4-5605-42B3-99C9-29DE3023B3AA}"
EndProject
Global
	GlobalSection(SolutionConfigurationPlatforms) = preSolution
		Debug|Any CPU = Debug|Any CPU
		Release|Any CPU = Release|Any CPU
	EndGlobalSection
	GlobalSection(ProjectConfigurationPlatforms) = postSolution
		{70F2A98B-0771-4A2A-A5FE-7F419F7CD656}.Debug|Any CPU.ActiveCfg = Debug|Any CPU
		{70F2A98B-0771-4A2A-A5FE-7F419F7CD656}.Debug|Any CPU.Build.0 = Debug|Any CPU
		{70F2A98B-0771-4A2A-A5FE-7F419F7CD656}.Release|Any CPU.ActiveCfg = Release|Any CPU
		{70F2A98B-0771-4A2A-A5FE-7F419F7CD656}.Release|Any CPU.Build.0 = Release|Any CPU
		{82FB4EF4-5320-481D-9ADD-D7A87801056C}.Debug|Any CPU.ActiveCfg = Debug|Any CPU
		{82FB4EF4-5320-481D-9ADD-D7A87801056C}.Debug|Any CPU.Build.0 = Debug|Any CPU
		{82FB4EF4-5320-481D-9ADD-D7A87801056C}.Release|Any CPU.ActiveCfg = Release|Any CPU
		{82FB4EF4-5320-481D-9ADD-D7A87801056C}.Release|Any CPU.Build.0 = Release|Any CPU
		{C5594196-F736-4C05-BAAE-2D7EAF24DE1C}.Debug|Any CPU.ActiveCfg = Debug|Any CPU
		{C5594196-F736-4C05-BAAE-2D7EAF24DE1C}.Debug|Any CPU.Build.0 = Debug|Any CPU
		{C5594196-F736-4C05-BAAE-2D7EAF24DE1C}.Release|Any CPU.ActiveCfg = Release|Any CPU
		{C5594196-F736-4C05-BAAE-2D7EAF24DE1C}.Release|Any CPU.Build.0 = Release|Any CPU
		{D19C56F4-5605-42B3-99C9-29DE3023B3AA}.Debug|Any CPU.ActiveCfg = Debug|Any CPU
		{D19C56F4-5605-42B3-99C9-29DE3023B3AA}.Debug|Any CPU.Build.0 = Debug|Any CPU
		{D19C56F4-5605-42B3-99C9-29DE3023B3AA}.Release|Any CPU.ActiveCfg = Release|Any CPU
		{D19C56F4-5605-42B3-99C9-29DE3023B3AA}.Release|Any CPU.Build.0 = Release|Any CPU
	EndGlobalSection
EndGlobal
